{
  "lockfileVersion": 1,
  "configVersion": 0,
  "workspaces": {
    "": {
      "name": "@vibe-cafe/vibe-usage",
      "dependencies": {
        "ccusage": "18.0.5",
      },
    },
  },
  "packages": {
    "ccusage": ["ccusage@18.0.5", "", { "bin": "dist/index.js" }, "sha512-bnZrVbGm5h7hIIOH3FZFaDxKgJLLHhWDWIv7/9M6/O373YM6RAwsG9hxZXA1ep+C2ISiNEX6MYVoXgkoSuFf9Q=="],
  }
}
