{
  "name": "@vibe-cafe/vibe-usage",
  "version": "0.7.1",
  "lockfileVersion": 3,
  "requires": true,
  "packages": {
    "": {
      "name": "@vibe-cafe/vibe-usage",
      "version": "0.7.1",
      "license": "MIT",
      "bin": {
        "vibe-usage": "bin/vibe-usage.js"
      },
      "engines": {
        "node": ">=20"
      }
    }
  }
}
